
Microsoft Visual Studio Solution File, Format Version 12.00
# Visual Studio Version 17
VisualStudioVersion = 17.0.31903.59
MinimumVisualStudioVersion = 10.0.40219.1
Project("{9A19103F-16F7-4668-BE54-9A1E7A4F7556}") = "AirReplyAPI", "AirReplyAPI\AirReplyAPI.csproj", "{5950E9A3-C441-4DAD-84CC-85B4D6B586C1}"
EndProject
Project("{FAE04EC0-301F-11D3-BF4B-00C04F79EFBC}") = "AirReplyAPI.Data", "Services\AirReplyAPI.Data.csproj", "{BBA6E59B-18CF-44B6-BD24-2A515EAC17BF}"
EndProject
Global
	GlobalSection(SolutionConfigurationPlatforms) = preSolution
		Debug|Any CPU = Debug|Any CPU
		Release|Any CPU = Release|Any CPU
	EndGlobalSection
	GlobalSection(ProjectConfigurationPlatforms) = postSolution
		{5950E9A3-C441-4DAD-84CC-85B4D6B586C1}.Debug|Any CPU.ActiveCfg = Debug|Any CPU
		{5950E9A3-C441-4DAD-84CC-85B4D6B586C1}.Debug|Any CPU.Build.0 = Debug|Any CPU
		{5950E9A3-C441-4DAD-84CC-85B4D6B586C1}.Release|Any CPU.ActiveCfg = Release|Any CPU
		{5950E9A3-C441-4DAD-84CC-85B4D6B586C1}.Release|Any CPU.Build.0 = Release|Any CPU
		{BBA6E59B-18CF-44B6-BD24-2A515EAC17BF}.Debug|Any CPU.ActiveCfg = Debug|Any CPU
		{BBA6E59B-18CF-44B6-BD24-2A515EAC17BF}.Debug|Any CPU.Build.0 = Debug|Any CPU
		{BBA6E59B-18CF-44B6-BD24-2A515EAC17BF}.Release|Any CPU.ActiveCfg = Release|Any CPU
		{BBA6E59B-18CF-44B6-BD24-2A515EAC17BF}.Release|Any CPU.Build.0 = Release|Any CPU
	EndGlobalSection
	GlobalSection(SolutionProperties) = preSolution
		HideSolutionNode = FALSE
	EndGlobalSection
	GlobalSection(ExtensibilityGlobals) = postSolution
		SolutionGuid = {29BDA085-26B3-4457-AEC4-1BCBD1C3EEF0}
	EndGlobalSection
EndGlobal
